{
  "version": 4,
  "terraform_version": "0.12.3",
  "serial": 437,
  "lineage": "479a587f-7c59-564d-1fb2-3f469bcec7b8",
  "outputs": {},
  "resources": [
    {
      "mode": "managed",
      "type": "google_compute_firewall",
      "name": "default",
      "provider": "provider.google",
      "instances": [
        {
          "schema_version": 1,
          "attributes": {
            "allow": [
              {
                "ports": [
                  "22",
                  "8080",
                  "4200",
                  "27017"
                ],
                "protocol": "tcp"
              },
              {
                "ports": [],
                "protocol": "icmp"
              }
            ],
            "creation_timestamp": "2019-07-14T05:50:51.688-07:00",
            "deny": [],
            "description": "",
            "destination_ranges": [],
            "direction": "INGRESS",
            "disabled": false,
            "id": "default-firewall",
            "name": "default-firewall",
            "network": "https://www.googleapis.com/compute/v1/projects/fair-melody-246109/global/networks/default",
            "priority": 1000,
            "project": "fair-melody-246109",
            "self_link": "https://www.googleapis.com/compute/v1/projects/fair-melody-246109/global/firewalls/default-firewall",
            "source_ranges": [
              "0.0.0.0/0"
            ],
            "source_service_accounts": null,
            "source_tags": null,
            "target_service_accounts": null,
            "target_tags": [
              "default"
            ],
            "timeouts": null
          },
          "private": "eyJlMmJmYjczMC1lY2FhLTExZTYtOGY4OC0zNDM2M2JjN2M0YzAiOnsiY3JlYXRlIjoyNDAwMDAwMDAwMDAsImRlbGV0ZSI6MjQwMDAwMDAwMDAwLCJ1cGRhdGUiOjI0MDAwMDAwMDAwMH0sInNjaGVtYV92ZXJzaW9uIjoiMSJ9"
        }
      ]
    },
    {
      "mode": "managed",
      "type": "google_compute_instance",
      "name": "angular",
      "provider": "provider.google",
      "instances": [
        {
          "schema_version": 6,
          "attributes": {
            "allow_stopping_for_update": null,
            "attached_disk": [],
            "boot_disk": [
              {
                "auto_delete": true,
                "device_name": "persistent-disk-0",
                "disk_encryption_key_raw": "",
                "disk_encryption_key_sha256": "",
                "initialize_params": [
                  {
                    "image": "https://www.googleapis.com/compute/v1/projects/ubuntu-os-cloud/global/images/ubuntu-1804-bionic-v20190628",
                    "size": 10,
                    "type": "pd-standard"
                  }
                ],
                "kms_key_self_link": "",
                "source": "https://www.googleapis.com/compute/v1/projects/fair-melody-246109/zones/europe-west2-c/disks/default-angular"
              }
            ],
            "can_ip_forward": false,
            "cpu_platform": "Intel Broadwell",
            "deletion_protection": false,
            "description": null,
            "disk": [],
            "guest_accelerator": [],
            "hostname": "",
            "id": "default-angular",
            "instance_id": "1082520138064239555",
            "label_fingerprint": "42WmSpB8rSM=",
            "labels": null,
            "machine_type": "f1-micro",
            "metadata": {
              "sshKeys": "terraform:ssh-rsa AAAAB3NzaC1yc2EAAAADAQABAAABAQC1KOPrKJZd5EGj/USAdgFftUVDWT4dxt10hE6i7AkwGM705LHh95fz+pZWC126BX4pJkaLj/WMcEzl2rLz9YTA4Z4k1K5SX7UynEuHtlVpTg1xRoQbxnu3CERh/wxskBhCfpymyFLppaus5G8GsjJYawDrKZOTaDHUy0HEjQ8Zje5/yciXmmE6EL7OJIZyn43cKgOZp+s48s/dWWshLc79B4EYlZxB2FZIUmUpABKjWZchG9ZAo3Xab5CoFmsre7+SWsGZT8N6GTf+5gIJGoLys08lJJCTdWfqNHC9Iqliq2EENRfy26PIY7SeRWpn5RCCNuWxmXnnvPJS410Gzf1r vagrant@ubuntu-xenial\n"
            },
            "metadata_fingerprint": "tflcGm5gCjE=",
            "metadata_startup_script": "",
            "min_cpu_platform": "",
            "name": "default-angular",
            "network_interface": [
              {
                "access_config": [
                  {
                    "assigned_nat_ip": "",
                    "nat_ip": "35.197.246.25",
                    "network_tier": "PREMIUM",
                    "public_ptr_domain_name": ""
                  }
                ],
                "address": "",
                "alias_ip_range": [],
                "name": "nic0",
                "network": "https://www.googleapis.com/compute/v1/projects/fair-melody-246109/global/networks/default",
                "network_ip": "10.154.0.15",
                "subnetwork": "https://www.googleapis.com/compute/v1/projects/fair-melody-246109/regions/europe-west2/subnetworks/default",
                "subnetwork_project": "fair-melody-246109"
              }
            ],
            "project": "fair-melody-246109",
            "scheduling": [
              {
                "automatic_restart": true,
                "node_affinities": [],
                "on_host_maintenance": "MIGRATE",
                "preemptible": false
              }
            ],
            "scratch_disk": [],
            "self_link": "https://www.googleapis.com/compute/v1/projects/fair-melody-246109/zones/europe-west2-c/instances/default-angular",
            "service_account": [],
            "shielded_instance_config": [],
            "tags": [
              "default-angular"
            ],
            "tags_fingerprint": "AlzjaH8jOwY=",
            "timeouts": null,
            "zone": "europe-west2-c"
          },
          "private": "eyJlMmJmYjczMC1lY2FhLTExZTYtOGY4OC0zNDM2M2JjN2M0YzAiOnsiY3JlYXRlIjoxMjAwMDAwMDAwMDAwLCJkZWxldGUiOjEyMDAwMDAwMDAwMDAsInVwZGF0ZSI6MTIwMDAwMDAwMDAwMH0sInNjaGVtYV92ZXJzaW9uIjoiNiJ9"
        }
      ]
    },
    {
      "mode": "managed",
      "type": "google_compute_instance",
      "name": "express",
      "provider": "provider.google",
      "instances": [
        {
          "schema_version": 6,
          "attributes": {
            "allow_stopping_for_update": null,
            "attached_disk": [],
            "boot_disk": [
              {
                "auto_delete": true,
                "device_name": "persistent-disk-0",
                "disk_encryption_key_raw": "",
                "disk_encryption_key_sha256": "",
                "initialize_params": [
                  {
                    "image": "https://www.googleapis.com/compute/v1/projects/ubuntu-os-cloud/global/images/ubuntu-1804-bionic-v20190628",
                    "size": 10,
                    "type": "pd-standard"
                  }
                ],
                "kms_key_self_link": "",
                "source": "https://www.googleapis.com/compute/v1/projects/fair-melody-246109/zones/europe-west2-c/disks/default-express"
              }
            ],
            "can_ip_forward": false,
            "cpu_platform": "Intel Broadwell",
            "deletion_protection": false,
            "description": null,
            "disk": [],
            "guest_accelerator": [],
            "hostname": "",
            "id": "default-express",
            "instance_id": "5140747208916114371",
            "label_fingerprint": "42WmSpB8rSM=",
            "labels": null,
            "machine_type": "f1-micro",
            "metadata": {
              "sshKeys": "terraform:ssh-rsa AAAAB3NzaC1yc2EAAAADAQABAAABAQC1KOPrKJZd5EGj/USAdgFftUVDWT4dxt10hE6i7AkwGM705LHh95fz+pZWC126BX4pJkaLj/WMcEzl2rLz9YTA4Z4k1K5SX7UynEuHtlVpTg1xRoQbxnu3CERh/wxskBhCfpymyFLppaus5G8GsjJYawDrKZOTaDHUy0HEjQ8Zje5/yciXmmE6EL7OJIZyn43cKgOZp+s48s/dWWshLc79B4EYlZxB2FZIUmUpABKjWZchG9ZAo3Xab5CoFmsre7+SWsGZT8N6GTf+5gIJGoLys08lJJCTdWfqNHC9Iqliq2EENRfy26PIY7SeRWpn5RCCNuWxmXnnvPJS410Gzf1r vagrant@ubuntu-xenial\n"
            },
            "metadata_fingerprint": "tflcGm5gCjE=",
            "metadata_startup_script": "",
            "min_cpu_platform": "",
            "name": "default-express",
            "network_interface": [
              {
                "access_config": [
                  {
                    "assigned_nat_ip": "",
                    "nat_ip": "35.246.61.136",
                    "network_tier": "PREMIUM",
                    "public_ptr_domain_name": ""
                  }
                ],
                "address": "",
                "alias_ip_range": [],
                "name": "nic0",
                "network": "https://www.googleapis.com/compute/v1/projects/fair-melody-246109/global/networks/default",
                "network_ip": "10.154.0.14",
                "subnetwork": "https://www.googleapis.com/compute/v1/projects/fair-melody-246109/regions/europe-west2/subnetworks/default",
                "subnetwork_project": "fair-melody-246109"
              }
            ],
            "project": "fair-melody-246109",
            "scheduling": [
              {
                "automatic_restart": true,
                "node_affinities": [],
                "on_host_maintenance": "MIGRATE",
                "preemptible": false
              }
            ],
            "scratch_disk": [],
            "self_link": "https://www.googleapis.com/compute/v1/projects/fair-melody-246109/zones/europe-west2-c/instances/default-express",
            "service_account": [],
            "shielded_instance_config": [],
            "tags": [
              "default-express"
            ],
            "tags_fingerprint": "LGr8nVF-J7E=",
            "timeouts": null,
            "zone": "europe-west2-c"
          },
          "private": "eyJlMmJmYjczMC1lY2FhLTExZTYtOGY4OC0zNDM2M2JjN2M0YzAiOnsiY3JlYXRlIjoxMjAwMDAwMDAwMDAwLCJkZWxldGUiOjEyMDAwMDAwMDAwMDAsInVwZGF0ZSI6MTIwMDAwMDAwMDAwMH0sInNjaGVtYV92ZXJzaW9uIjoiNiJ9"
        }
      ]
    },
    {
      "mode": "managed",
      "type": "google_compute_instance",
      "name": "mongodb",
      "provider": "provider.google",
      "instances": [
        {
          "schema_version": 6,
          "attributes": {
            "allow_stopping_for_update": null,
            "attached_disk": [],
            "boot_disk": [
              {
                "auto_delete": true,
                "device_name": "persistent-disk-0",
                "disk_encryption_key_raw": "",
                "disk_encryption_key_sha256": "",
                "initialize_params": [
                  {
                    "image": "https://www.googleapis.com/compute/v1/projects/ubuntu-os-cloud/global/images/ubuntu-1804-bionic-v20190628",
                    "size": 10,
                    "type": "pd-standard"
                  }
                ],
                "kms_key_self_link": "",
                "source": "https://www.googleapis.com/compute/v1/projects/fair-melody-246109/zones/europe-west2-c/disks/default-mongodb"
              }
            ],
            "can_ip_forward": false,
            "cpu_platform": "Intel Broadwell",
            "deletion_protection": false,
            "description": null,
            "disk": [],
            "guest_accelerator": [],
            "hostname": "",
            "id": "default-mongodb",
            "instance_id": "5272590923808021443",
            "label_fingerprint": "42WmSpB8rSM=",
            "labels": null,
            "machine_type": "f1-micro",
            "metadata": {
              "sshKeys": "terraform:ssh-rsa AAAAB3NzaC1yc2EAAAADAQABAAABAQC1KOPrKJZd5EGj/USAdgFftUVDWT4dxt10hE6i7AkwGM705LHh95fz+pZWC126BX4pJkaLj/WMcEzl2rLz9YTA4Z4k1K5SX7UynEuHtlVpTg1xRoQbxnu3CERh/wxskBhCfpymyFLppaus5G8GsjJYawDrKZOTaDHUy0HEjQ8Zje5/yciXmmE6EL7OJIZyn43cKgOZp+s48s/dWWshLc79B4EYlZxB2FZIUmUpABKjWZchG9ZAo3Xab5CoFmsre7+SWsGZT8N6GTf+5gIJGoLys08lJJCTdWfqNHC9Iqliq2EENRfy26PIY7SeRWpn5RCCNuWxmXnnvPJS410Gzf1r vagrant@ubuntu-xenial\n"
            },
            "metadata_fingerprint": "tflcGm5gCjE=",
            "metadata_startup_script": "",
            "min_cpu_platform": "",
            "name": "default-mongodb",
            "network_interface": [
              {
                "access_config": [
                  {
                    "assigned_nat_ip": "",
                    "nat_ip": "35.234.130.173",
                    "network_tier": "PREMIUM",
                    "public_ptr_domain_name": ""
                  }
                ],
                "address": "",
                "alias_ip_range": [],
                "name": "nic0",
                "network": "https://www.googleapis.com/compute/v1/projects/fair-melody-246109/global/networks/default",
                "network_ip": "10.154.0.16",
                "subnetwork": "https://www.googleapis.com/compute/v1/projects/fair-melody-246109/regions/europe-west2/subnetworks/default",
                "subnetwork_project": "fair-melody-246109"
              }
            ],
            "project": "fair-melody-246109",
            "scheduling": [
              {
                "automatic_restart": true,
                "node_affinities": [],
                "on_host_maintenance": "MIGRATE",
                "preemptible": false
              }
            ],
            "scratch_disk": [],
            "self_link": "https://www.googleapis.com/compute/v1/projects/fair-melody-246109/zones/europe-west2-c/instances/default-mongodb",
            "service_account": [],
            "shielded_instance_config": [],
            "tags": [
              "default-mongodb"
            ],
            "tags_fingerprint": "Sz9K21wg1sU=",
            "timeouts": null,
            "zone": "europe-west2-c"
          },
          "private": "eyJlMmJmYjczMC1lY2FhLTExZTYtOGY4OC0zNDM2M2JjN2M0YzAiOnsiY3JlYXRlIjoxMjAwMDAwMDAwMDAwLCJkZWxldGUiOjEyMDAwMDAwMDAwMDAsInVwZGF0ZSI6MTIwMDAwMDAwMDAwMH0sInNjaGVtYV92ZXJzaW9uIjoiNiJ9"
        }
      ]
    },
    {
      "mode": "managed",
      "type": "google_dns_managed_zone",
      "name": "prod",
      "provider": "provider.google",
      "instances": [
        {
          "schema_version": 0,
          "attributes": {
            "description": "Managed by Terraform",
            "dns_name": "mongo.database.com.",
            "dnssec_config": [],
            "id": "mongodb-zone",
            "labels": null,
            "name": "mongodb-zone",
            "name_servers": [
              "ns-cloud-a1.googledomains.com.",
              "ns-cloud-a2.googledomains.com.",
              "ns-cloud-a3.googledomains.com.",
              "ns-cloud-a4.googledomains.com."
            ],
            "private_visibility_config": [],
            "project": "fair-melody-246109",
            "timeouts": null,
            "visibility": "public"
          },
          "private": "eyJlMmJmYjczMC1lY2FhLTExZTYtOGY4OC0zNDM2M2JjN2M0YzAiOnsiY3JlYXRlIjoyNDAwMDAwMDAwMDAsImRlbGV0ZSI6MjQwMDAwMDAwMDAwLCJ1cGRhdGUiOjI0MDAwMDAwMDAwMH19"
        }
      ]
    },
    {
      "mode": "managed",
      "type": "google_dns_record_set",
      "name": "mongodb",
      "provider": "provider.google",
      "instances": [
        {
          "schema_version": 0,
          "attributes": {
            "id": "mongodb-zone/mongodb.mongo.database.com./A",
            "managed_zone": "mongodb-zone",
            "name": "mongodb.mongo.database.com.",
            "project": "fair-melody-246109",
            "rrdatas": [
              "35.234.130.173"
            ],
            "ttl": 300,
            "type": "A"
          },
          "private": "bnVsbA==",
          "depends_on": [
            "google_compute_instance.mongodb",
            "google_dns_managed_zone.prod"
          ]
        }
      ]
    }
  ]
}
